
Microsoft Visual Studio Solution File, Format Version 12.00
Project("{2150E333-8FDC-42A3-9474-1A3956D46DE8}") = "src", "src", "{EC12B913-9C33-4A63-BC61-9F35815187D3}"
EndProject
Project("{2150E333-8FDC-42A3-9474-1A3956D46DE8}") = "tests", "tests", "{D1747AEA-BAF7-411C-8950-591DEE5738A6}"
EndProject
Project("{FAE04EC0-301F-11D3-BF4B-00C04F79EFBC}") = "Calculator.Core", "src\Calculator.Core\Calculator.Core.csproj", "{2C576128-9D97-4CB2-A796-83BFDE799638}"
EndProject
Project("{2150E333-8FDC-42A3-9474-1A3956D46DE8}") = "root", "root", "{4C9BBD67-A9FC-473C-A501-9BBEDF4BDD6D}"
	ProjectSection(SolutionItems) = preProject
		Directory.Build.props = Directory.Build.props
		Directory.Build.targets = Directory.Build.targets
	EndProjectSection
EndProject
Project("{FAE04EC0-301F-11D3-BF4B-00C04F79EFBC}") = "Calculator.Console", "src\Calculator.Console\Calculator.Console.csproj", "{B7E44E62-428B-45ED-9EC8-79715E0FCF39}"
EndProject
Project("{FAE04EC0-301F-11D3-BF4B-00C04F79EFBC}") = "Calculator.UnitTests", "tests\Calculator.UnitTests\Calculator.UnitTests.csproj", "{DEE88E41-B168-42A3-800E-CE867E60B04E}"
EndProject
Global
	GlobalSection(SolutionConfigurationPlatforms) = preSolution
		Debug|Any CPU = Debug|Any CPU
		Release|Any CPU = Release|Any CPU
	EndGlobalSection
	GlobalSection(ProjectConfigurationPlatforms) = postSolution
		{2C576128-9D97-4CB2-A796-83BFDE799638}.Debug|Any CPU.ActiveCfg = Debug|Any CPU
		{2C576128-9D97-4CB2-A796-83BFDE799638}.Debug|Any CPU.Build.0 = Debug|Any CPU
		{2C576128-9D97-4CB2-A796-83BFDE799638}.Release|Any CPU.ActiveCfg = Release|Any CPU
		{2C576128-9D97-4CB2-A796-83BFDE799638}.Release|Any CPU.Build.0 = Release|Any CPU
		{B7E44E62-428B-45ED-9EC8-79715E0FCF39}.Debug|Any CPU.ActiveCfg = Debug|Any CPU
		{B7E44E62-428B-45ED-9EC8-79715E0FCF39}.Debug|Any CPU.Build.0 = Debug|Any CPU
		{B7E44E62-428B-45ED-9EC8-79715E0FCF39}.Release|Any CPU.ActiveCfg = Release|Any CPU
		{B7E44E62-428B-45ED-9EC8-79715E0FCF39}.Release|Any CPU.Build.0 = Release|Any CPU
		{DEE88E41-B168-42A3-800E-CE867E60B04E}.Debug|Any CPU.ActiveCfg = Debug|Any CPU
		{DEE88E41-B168-42A3-800E-CE867E60B04E}.Debug|Any CPU.Build.0 = Debug|Any CPU
		{DEE88E41-B168-42A3-800E-CE867E60B04E}.Release|Any CPU.ActiveCfg = Release|Any CPU
		{DEE88E41-B168-42A3-800E-CE867E60B04E}.Release|Any CPU.Build.0 = Release|Any CPU
	EndGlobalSection
	GlobalSection(NestedProjects) = preSolution
		{2C576128-9D97-4CB2-A796-83BFDE799638} = {EC12B913-9C33-4A63-BC61-9F35815187D3}
		{B7E44E62-428B-45ED-9EC8-79715E0FCF39} = {EC12B913-9C33-4A63-BC61-9F35815187D3}
		{DEE88E41-B168-42A3-800E-CE867E60B04E} = {D1747AEA-BAF7-411C-8950-591DEE5738A6}
	EndGlobalSection
EndGlobal
